
Microsoft Visual Studio Solution File, Format Version 12.00
# Visual Studio Version 17
VisualStudioVersion = 17.11.35222.181
MinimumVisualStudioVersion = 10.0.40219.1
Project("{FAE04EC0-301F-11D3-BF4B-00C04F79EFBC}") = "SchoolApp", "SchoolApp.csproj", "{104259CC-7B40-47D9-9845-D60FAB89F207}"
EndProject
Global
	GlobalSection(SolutionConfigurationPlatforms) = preSolution
		Debug|Any CPU = Debug|Any CPU
		Release|Any CPU = Release|Any CPU
	EndGlobalSection
	GlobalSection(ProjectConfigurationPlatforms) = postSolution
		{104259CC-7B40-47D9-9845-D60FAB89F207}.Debug|Any CPU.ActiveCfg = Debug|Any CPU
		{104259CC-7B40-47D9-9845-D60FAB89F207}.Debug|Any CPU.Build.0 = Debug|Any CPU
		{104259CC-7B40-47D9-9845-D60FAB89F207}.Release|Any CPU.ActiveCfg = Release|Any CPU
		{104259CC-7B40-47D9-9845-D60FAB89F207}.Release|Any CPU.Build.0 = Release|Any CPU
	EndGlobalSection
	GlobalSection(SolutionProperties) = preSolution
		HideSolutionNode = FALSE
	EndGlobalSection
	GlobalSection(ExtensibilityGlobals) = postSolution
		SolutionGuid = {81EFE1C6-5BB9-4086-BBAF-77670F5FB341}
	EndGlobalSection
EndGlobal
